// !$*UTF8*$!
{
	archiveVersion = 1;
	classes = {
	};
	objectVersion = 46;
	objects = {

/* Begin PBXBuildFile section */
		5D9EBE6493537AA11F28F6BC /* libPods-RACHoroscope.a in Frameworks */ = {isa = PBXBuildFile; fileRef = 1313DB1C5144A1C9613E14FE /* libPods-RACHoroscope.a */; };
		B62A6BC71E812153009D9419 /* UIView+MyUtils.m in Sources */ = {isa = PBXBuildFile; fileRef = B62A6BC61E812153009D9419 /* UIView+MyUtils.m */; };
		B631922A1E75999300390319 /* main.m in Sources */ = {isa = PBXBuildFile; fileRef = B63192291E75999300390319 /* main.m */; };
		B631922D1E75999300390319 /* AppDelegate.m in Sources */ = {isa = PBXBuildFile; fileRef = B631922C1E75999300390319 /* AppDelegate.m */; };
		B63192301E75999300390319 /* ViewController.m in Sources */ = {isa = PBXBuildFile; fileRef = B631922F1E75999300390319 /* ViewController.m */; };
		B63192331E75999300390319 /* Main.storyboard in Resources */ = {isa = PBXBuildFile; fileRef = B63192311E75999300390319 /* Main.storyboard */; };
		B63192381E75999300390319 /* LaunchScreen.storyboard in Resources */ = {isa = PBXBuildFile; fileRef = B63192361E75999300390319 /* LaunchScreen.storyboard */; };
		B6B0C8021E7F7D58007E5ADB /* Assets.xcassets in Resources */ = {isa = PBXBuildFile; fileRef = B6B0C8011E7F7D58007E5ADB /* Assets.xcassets */; };
		B6B0C8081E7F81D0007E5ADB /* NSString+Validator.m in Sources */ = {isa = PBXBuildFile; fileRef = B6B0C8071E7F81D0007E5ADB /* NSString+Validator.m */; };
		B6C65CC81E80FC4500AC5BCE /* MainViewModel.m in Sources */ = {isa = PBXBuildFile; fileRef = B6C65CC71E80FC4500AC5BCE /* MainViewModel.m */; };
/* End PBXBuildFile section */

/* Begin PBXFileReference section */
		1313DB1C5144A1C9613E14FE /* libPods-RACHoroscope.a */ = {isa = PBXFileReference; explicitFileType = archive.ar; includeInIndex = 0; path = "libPods-RACHoroscope.a"; sourceTree = BUILT_PRODUCTS_DIR; };
		2F1969FB5BE7903D99D68752 /* Pods-RACHoroscope.release.xcconfig */ = {isa = PBXFileReference; includeInIndex = 1; lastKnownFileType = text.xcconfig; name = "Pods-RACHoroscope.release.xcconfig"; path = "Pods/Target Support Files/Pods-RACHoroscope/Pods-RACHoroscope.release.xcconfig"; sourceTree = "<group>"; };
		B62A6BC51E812153009D9419 /* UIView+MyUtils.h */ = {isa = PBXFileReference; fileEncoding = 4; lastKnownFileType = sourcecode.c.h; path = "UIView+MyUtils.h"; sourceTree = "<group>"; };
		B62A6BC61E812153009D9419 /* UIView+MyUtils.m */ = {isa = PBXFileReference; fileEncoding = 4; lastKnownFileType = sourcecode.c.objc; path = "UIView+MyUtils.m"; sourceTree = "<group>"; };
		B63192251E75999300390319 /* RACHoroscope.app */ = {isa = PBXFileReference; explicitFileType = wrapper.application; includeInIndex = 0; path = RACHoroscope.app; sourceTree = BUILT_PRODUCTS_DIR; };
		B63192291E75999300390319 /* main.m */ = {isa = PBXFileReference; lastKnownFileType = sourcecode.c.objc; path = main.m; sourceTree = "<group>"; };
		B631922B1E75999300390319 /* AppDelegate.h */ = {isa = PBXFileReference; lastKnownFileType = sourcecode.c.h; path = AppDelegate.h; sourceTree = "<group>"; };
		B631922C1E75999300390319 /* AppDelegate.m */ = {isa = PBXFileReference; lastKnownFileType = sourcecode.c.objc; path = AppDelegate.m; sourceTree = "<group>"; };
		B631922E1E75999300390319 /* ViewController.h */ = {isa = PBXFileReference; lastKnownFileType = sourcecode.c.h; path = ViewController.h; sourceTree = "<group>"; };
		B631922F1E75999300390319 /* ViewController.m */ = {isa = PBXFileReference; lastKnownFileType = sourcecode.c.objc; path = ViewController.m; sourceTree = "<group>"; };
		B63192321E75999300390319 /* Base */ = {isa = PBXFileReference; lastKnownFileType = file.storyboard; name = Base; path = Base.lproj/Main.storyboard; sourceTree = "<group>"; };
		B63192371E75999300390319 /* Base */ = {isa = PBXFileReference; lastKnownFileType = file.storyboard; name = Base; path = Base.lproj/LaunchScreen.storyboard; sourceTree = "<group>"; };
		B63192391E75999300390319 /* Info.plist */ = {isa = PBXFileReference; lastKnownFileType = text.plist.xml; path = Info.plist; sourceTree = "<group>"; };
		B6B0C8001E7F76DD007E5ADB /* Horoscope.pch */ = {isa = PBXFileReference; lastKnownFileType = sourcecode.c.h; path = Horoscope.pch; sourceTree = "<group>"; };
		B6B0C8011E7F7D58007E5ADB /* Assets.xcassets */ = {isa = PBXFileReference; lastKnownFileType = folder.assetcatalog; path = Assets.xcassets; sourceTree = "<group>"; };
		B6B0C8061E7F81D0007E5ADB /* NSString+Validator.h */ = {isa = PBXFileReference; fileEncoding = 4; lastKnownFileType = sourcecode.c.h; path = "NSString+Validator.h"; sourceTree = "<group>"; };
		B6B0C8071E7F81D0007E5ADB /* NSString+Validator.m */ = {isa = PBXFileReference; fileEncoding = 4; lastKnownFileType = sourcecode.c.objc; path = "NSString+Validator.m"; sourceTree = "<group>"; };
		B6C65CC61E80FC4500AC5BCE /* MainViewModel.h */ = {isa = PBXFileReference; fileEncoding = 4; lastKnownFileType = sourcecode.c.h; path = MainViewModel.h; sourceTree = "<group>"; };
		B6C65CC71E80FC4500AC5BCE /* MainViewModel.m */ = {isa = PBXFileReference; fileEncoding = 4; lastKnownFileType = sourcecode.c.objc; path = MainViewModel.m; sourceTree = "<group>"; };
		E4C03DFED8D612CB23FE4855 /* Pods-RACHoroscope.debug.xcconfig */ = {isa = PBXFileReference; includeInIndex = 1; lastKnownFileType = text.xcconfig; name = "Pods-RACHoroscope.debug.xcconfig"; path = "Pods/Target Support Files/Pods-RACHoroscope/Pods-RACHoroscope.debug.xcconfig"; sourceTree = "<group>"; };
/* End PBXFileReference section */

/* Begin PBXFrameworksBuildPhase section */
		B63192221E75999300390319 /* Frameworks */ = {
			isa = PBXFrameworksBuildPhase;
			buildActionMask = 2147483647;
			files = (
				5D9EBE6493537AA11F28F6BC /* libPods-RACHoroscope.a in Frameworks */,
			);
			runOnlyForDeploymentPostprocessing = 0;
		};
/* End PBXFrameworksBuildPhase section */

/* Begin PBXGroup section */
		9665C9B60850880CA0858FC7 /* Pods */ = {
			isa = PBXGroup;
			children = (
				E4C03DFED8D612CB23FE4855 /* Pods-RACHoroscope.debug.xcconfig */,
				2F1969FB5BE7903D99D68752 /* Pods-RACHoroscope.release.xcconfig */,
			);
			name = Pods;
			sourceTree = "<group>";
		};
		B631921C1E75999300390319 = {
			isa = PBXGroup;
			children = (
				B63192271E75999300390319 /* RACHoroscope */,
				B63192261E75999300390319 /* Products */,
				9665C9B60850880CA0858FC7 /* Pods */,
				D3797BF24BA7B6C48142665A /* Frameworks */,
			);
			sourceTree = "<group>";
		};
		B63192261E75999300390319 /* Products */ = {
			isa = PBXGroup;
			children = (
				B63192251E75999300390319 /* RACHoroscope.app */,
			);
			name = Products;
			sourceTree = "<group>";
		};
		B63192271E75999300390319 /* RACHoroscope */ = {
			isa = PBXGroup;
			children = (
				B6B0C8001E7F76DD007E5ADB /* Horoscope.pch */,
				B631922B1E75999300390319 /* AppDelegate.h */,
				B631922C1E75999300390319 /* AppDelegate.m */,
				B63192361E75999300390319 /* LaunchScreen.storyboard */,
				B63192391E75999300390319 /* Info.plist */,
				B6B0C8051E7F818D007E5ADB /* Framework Extensions */,
				B6C65CC51E80FC1B00AC5BCE /* ViewModels */,
				B6B0C8031E7F8143007E5ADB /* Views */,
				B6B0C8041E7F8157007E5ADB /* Stroryboard & Assets */,
				B63192281E75999300390319 /* Supporting Files */,
			);
			path = RACHoroscope;
			sourceTree = "<group>";
		};
		B63192281E75999300390319 /* Supporting Files */ = {
			isa = PBXGroup;
			children = (
				B63192291E75999300390319 /* main.m */,
			);
			name = "Supporting Files";
			sourceTree = "<group>";
		};
		B6B0C8031E7F8143007E5ADB /* Views */ = {
			isa = PBXGroup;
			children = (
				B631922E1E75999300390319 /* ViewController.h */,
				B631922F1E75999300390319 /* ViewController.m */,
			);
			name = Views;
			sourceTree = "<group>";
		};
		B6B0C8041E7F8157007E5ADB /* Stroryboard & Assets */ = {
			isa = PBXGroup;
			children = (
				B63192311E75999300390319 /* Main.storyboard */,
				B6B0C8011E7F7D58007E5ADB /* Assets.xcassets */,
			);
			name = "Stroryboard & Assets";
			sourceTree = "<group>";
		};
		B6B0C8051E7F818D007E5ADB /* Framework Extensions */ = {
			isa = PBXGroup;
			children = (
				B6B0C8061E7F81D0007E5ADB /* NSString+Validator.h */,
				B6B0C8071E7F81D0007E5ADB /* NSString+Validator.m */,
				B62A6BC51E812153009D9419 /* UIView+MyUtils.h */,
				B62A6BC61E812153009D9419 /* UIView+MyUtils.m */,
			);
			name = "Framework Extensions";
			sourceTree = "<group>";
		};
		B6C65CC51E80FC1B00AC5BCE /* ViewModels */ = {
			isa = PBXGroup;
			children = (
				B6C65CC61E80FC4500AC5BCE /* MainViewModel.h */,
				B6C65CC71E80FC4500AC5BCE /* MainViewModel.m */,
			);
			name = ViewModels;
			sourceTree = "<group>";
		};
		D3797BF24BA7B6C48142665A /* Frameworks */ = {
			isa = PBXGroup;
			children = (
				1313DB1C5144A1C9613E14FE /* libPods-RACHoroscope.a */,
			);
			name = Frameworks;
			sourceTree = "<group>";
		};
/* End PBXGroup section */

/* Begin PBXNativeTarget section */
		B63192241E75999300390319 /* RACHoroscope */ = {
			isa = PBXNativeTarget;
			buildConfigurationList = B631923C1E75999300390319 /* Build configuration list for PBXNativeTarget "RACHoroscope" */;
			buildPhases = (
				656BFA0001B1F33892FC69D9 /* [CP] Check Pods Manifest.lock */,
				B63192211E75999300390319 /* Sources */,
				B63192221E75999300390319 /* Frameworks */,
				B63192231E75999300390319 /* Resources */,
				0EE4CF16CCB0530A3D4DE62C /* [CP] Embed Pods Frameworks */,
				A22D436B7D2D7A824110CAA3 /* [CP] Copy Pods Resources */,
			);
			buildRules = (
			);
			dependencies = (
			);
			name = RACHoroscope;
			productName = RACHoroscope;
			productReference = B63192251E75999300390319 /* RACHoroscope.app */;
			productType = "com.apple.product-type.application";
		};
/* End PBXNativeTarget section */

/* Begin PBXProject section */
		B631921D1E75999300390319 /* Project object */ = {
			isa = PBXProject;
			attributes = {
				LastUpgradeCheck = 0820;
				ORGANIZATIONNAME = "Victor Qi";
				TargetAttributes = {
					B63192241E75999300390319 = {
						CreatedOnToolsVersion = 8.2.1;
						DevelopmentTeam = YZ2L42YQ8T;
						ProvisioningStyle = Automatic;
					};
				};
			};
			buildConfigurationList = B63192201E75999300390319 /* Build configuration list for PBXProject "RACHoroscope" */;
			compatibilityVersion = "Xcode 3.2";
			developmentRegion = English;
			hasScannedForEncodings = 0;
			knownRegions = (
				en,
				Base,
			);
			mainGroup = B631921C1E75999300390319;
			productRefGroup = B63192261E75999300390319 /* Products */;
			projectDirPath = "";
			projectRoot = "";
			targets = (
				B63192241E75999300390319 /* RACHoroscope */,
			);
		};
/* End PBXProject section */

/* Begin PBXResourcesBuildPhase section */
		B63192231E75999300390319 /* Resources */ = {
			isa = PBXResourcesBuildPhase;
			buildActionMask = 2147483647;
			files = (
				B63192381E75999300390319 /* LaunchScreen.storyboard in Resources */,
				B6B0C8021E7F7D58007E5ADB /* Assets.xcassets in Resources */,
				B63192331E75999300390319 /* Main.storyboard in Resources */,
			);
			runOnlyForDeploymentPostprocessing = 0;
		};
/* End PBXResourcesBuildPhase section */

/* Begin PBXShellScriptBuildPhase section */
		0EE4CF16CCB0530A3D4DE62C /* [CP] Embed Pods Frameworks */ = {
			isa = PBXShellScriptBuildPhase;
			buildActionMask = 2147483647;
			files = (
			);
			inputPaths = (
			);
			name = "[CP] Embed Pods Frameworks";
			outputPaths = (
			);
			runOnlyForDeploymentPostprocessing = 0;
			shellPath = /bin/sh;
			shellScript = "\"${SRCROOT}/Pods/Target Support Files/Pods-RACHoroscope/Pods-RACHoroscope-frameworks.sh\"\n";
			showEnvVarsInLog = 0;
		};
		656BFA0001B1F33892FC69D9 /* [CP] Check Pods Manifest.lock */ = {
			isa = PBXShellScriptBuildPhase;
			buildActionMask = 2147483647;
			files = (
			);
			inputPaths = (
			);
			name = "[CP] Check Pods Manifest.lock";
			outputPaths = (
			);
			runOnlyForDeploymentPostprocessing = 0;
			shellPath = /bin/sh;
			shellScript = "diff \"${PODS_ROOT}/../Podfile.lock\" \"${PODS_ROOT}/Manifest.lock\" > /dev/null\nif [ $? != 0 ] ; then\n    # print error to STDERR\n    echo \"error: The sandbox is not in sync with the Podfile.lock. Run 'pod install' or update your CocoaPods installation.\" >&2\n    exit 1\nfi\n";
			showEnvVarsInLog = 0;
		};
		A22D436B7D2D7A824110CAA3 /* [CP] Copy Pods Resources */ = {
			isa = PBXShellScriptBuildPhase;
			buildActionMask = 2147483647;
			files = (
			);
			inputPaths = (
			);
			name = "[CP] Copy Pods Resources";
			outputPaths = (
			);
			runOnlyForDeploymentPostprocessing = 0;
			shellPath = /bin/sh;
			shellScript = "\"${SRCROOT}/Pods/Target Support Files/Pods-RACHoroscope/Pods-RACHoroscope-resources.sh\"\n";
			showEnvVarsInLog = 0;
		};
/* End PBXShellScriptBuildPhase section */

/* Begin PBXSourcesBuildPhase section */
		B63192211E75999300390319 /* Sources */ = {
			isa = PBXSourcesBuildPhase;
			buildActionMask = 2147483647;
			files = (
				B62A6BC71E812153009D9419 /* UIView+MyUtils.m in Sources */,
				B6B0C8081E7F81D0007E5ADB /* NSString+Validator.m in Sources */,
				B63192301E75999300390319 /* ViewController.m in Sources */,
				B631922D1E75999300390319 /* AppDelegate.m in Sources */,
				B6C65CC81E80FC4500AC5BCE /* MainViewModel.m in Sources */,
				B631922A1E75999300390319 /* main.m in Sources */,
			);
			runOnlyForDeploymentPostprocessing = 0;
		};
/* End PBXSourcesBuildPhase section */

/* Begin PBXVariantGroup section */
		B63192311E75999300390319 /* Main.storyboard */ = {
			isa = PBXVariantGroup;
			children = (
				B63192321E75999300390319 /* Base */,
			);
			name = Main.storyboard;
			sourceTree = "<group>";
		};
		B63192361E75999300390319 /* LaunchScreen.storyboard */ = {
			isa = PBXVariantGroup;
			children = (
				B63192371E75999300390319 /* Base */,
			);
			name = LaunchScreen.storyboard;
			sourceTree = "<group>";
		};
/* End PBXVariantGroup section */

/* Begin XCBuildConfiguration section */
		B631923A1E75999300390319 /* Debug */ = {
			isa = XCBuildConfiguration;
			buildSettings = {
				ALWAYS_SEARCH_USER_PATHS = NO;
				CLANG_ANALYZER_NONNULL = YES;
				CLANG_CXX_LANGUAGE_STANDARD = "gnu++0x";
				CLANG_CXX_LIBRARY = "libc++";
				CLANG_ENABLE_MODULES = YES;
				CLANG_ENABLE_OBJC_ARC = YES;
				CLANG_WARN_BOOL_CONVERSION = YES;
				CLANG_WARN_CONSTANT_CONVERSION = YES;
				CLANG_WARN_DIRECT_OBJC_ISA_USAGE = YES_ERROR;
				CLANG_WARN_DOCUMENTATION_COMMENTS = YES;
				CLANG_WARN_EMPTY_BODY = YES;
				CLANG_WARN_ENUM_CONVERSION = YES;
				CLANG_WARN_INFINITE_RECURSION = YES;
				CLANG_WARN_INT_CONVERSION = YES;
				CLANG_WARN_OBJC_ROOT_CLASS = YES_ERROR;
				CLANG_WARN_SUSPICIOUS_MOVE = YES;
				CLANG_WARN_UNREACHABLE_CODE = YES;
				CLANG_WARN__DUPLICATE_METHOD_MATCH = YES;
				"CODE_SIGN_IDENTITY[sdk=iphoneos*]" = "iPhone Developer";
				COPY_PHASE_STRIP = NO;
				DEBUG_INFORMATION_FORMAT = dwarf;
				ENABLE_STRICT_OBJC_MSGSEND = YES;
				ENABLE_TESTABILITY = YES;
				GCC_C_LANGUAGE_STANDARD = gnu99;
				GCC_DYNAMIC_NO_PIC = NO;
				GCC_NO_COMMON_BLOCKS = YES;
				GCC_OPTIMIZATION_LEVEL = 0;
				GCC_PREPROCESSOR_DEFINITIONS = (
					"DEBUG=1",
					"$(inherited)",
				);
				GCC_WARN_64_TO_32_BIT_CONVERSION = YES;
				GCC_WARN_ABOUT_RETURN_TYPE = YES_ERROR;
				GCC_WARN_UNDECLARED_SELECTOR = YES;
				GCC_WARN_UNINITIALIZED_AUTOS = YES_AGGRESSIVE;
				GCC_WARN_UNUSED_FUNCTION = YES;
				GCC_WARN_UNUSED_VARIABLE = YES;
				IPHONEOS_DEPLOYMENT_TARGET = 10.2;
				MTL_ENABLE_DEBUG_INFO = YES;
				ONLY_ACTIVE_ARCH = YES;
				SDKROOT = iphoneos;
			};
			name = Debug;
		};
		B631923B1E75999300390319 /* Release */ = {
			isa = XCBuildConfiguration;
			buildSettings = {
				ALWAYS_SEARCH_USER_PATHS = NO;
				CLANG_ANALYZER_NONNULL = YES;
				CLANG_CXX_LANGUAGE_STANDARD = "gnu++0x";
				CLANG_CXX_LIBRARY = "libc++";
				CLANG_ENABLE_MODULES = YES;
				CLANG_ENABLE_OBJC_ARC = YES;
				CLANG_WARN_BOOL_CONVERSION = YES;
				CLANG_WARN_CONSTANT_CONVERSION = YES;
				CLANG_WARN_DIRECT_OBJC_ISA_USAGE = YES_ERROR;
				CLANG_WARN_DOCUMENTATION_COMMENTS = YES;
				CLANG_WARN_EMPTY_BODY = YES;
				CLANG_WARN_ENUM_CONVERSION = YES;
				CLANG_WARN_INFINITE_RECURSION = YES;
				CLANG_WARN_INT_CONVERSION = YES;
				CLANG_WARN_OBJC_ROOT_CLASS = YES_ERROR;
				CLANG_WARN_SUSPICIOUS_MOVE = YES;
				CLANG_WARN_UNREACHABLE_CODE = YES;
				CLANG_WARN__DUPLICATE_METHOD_MATCH = YES;
				"CODE_SIGN_IDENTITY[sdk=iphoneos*]" = "iPhone Developer";
				COPY_PHASE_STRIP = NO;
				DEBUG_INFORMATION_FORMAT = "dwarf-with-dsym";
				ENABLE_NS_ASSERTIONS = NO;
				ENABLE_STRICT_OBJC_MSGSEND = YES;
				GCC_C_LANGUAGE_STANDARD = gnu99;
				GCC_NO_COMMON_BLOCKS = YES;
				GCC_WARN_64_TO_32_BIT_CONVERSION = YES;
				GCC_WARN_ABOUT_RETURN_TYPE = YES_ERROR;
				GCC_WARN_UNDECLARED_SELECTOR = YES;
				GCC_WARN_UNINITIALIZED_AUTOS = YES_AGGRESSIVE;
				GCC_WARN_UNUSED_FUNCTION = YES;
				GCC_WARN_UNUSED_VARIABLE = YES;
				IPHONEOS_DEPLOYMENT_TARGET = 10.2;
				MTL_ENABLE_DEBUG_INFO = NO;
				SDKROOT = iphoneos;
				VALIDATE_PRODUCT = YES;
			};
			name = Release;
		};
		B631923D1E75999300390319 /* Debug */ = {
			isa = XCBuildConfiguration;
			baseConfigurationReference = E4C03DFED8D612CB23FE4855 /* Pods-RACHoroscope.debug.xcconfig */;
			buildSettings = {
				ASSETCATALOG_COMPILER_APPICON_NAME = AppIcon;
				DEVELOPMENT_TEAM = YZ2L42YQ8T;
				GCC_PRECOMPILE_PREFIX_HEADER = YES;
				GCC_PREFIX_HEADER = "$(SRCROOT)/RACHoroscope/Horoscope.pch";
				INFOPLIST_FILE = RACHoroscope/Info.plist;
				LD_RUNPATH_SEARCH_PATHS = "$(inherited) @executable_path/Frameworks";
				PRODUCT_BUNDLE_IDENTIFIER = v.q.RACHoroscope;
				PRODUCT_NAME = "$(TARGET_NAME)";
			};
			name = Debug;
		};
		B631923E1E75999300390319 /* Release */ = {
			isa = XCBuildConfiguration;
			baseConfigurationReference = 2F1969FB5BE7903D99D68752 /* Pods-RACHoroscope.release.xcconfig */;
			buildSettings = {
				ASSETCATALOG_COMPILER_APPICON_NAME = AppIcon;
				DEVELOPMENT_TEAM = YZ2L42YQ8T;
				GCC_PRECOMPILE_PREFIX_HEADER = YES;
				GCC_PREFIX_HEADER = "$(SRCROOT)/RACHoroscope/Horoscope.pch";
				INFOPLIST_FILE = RACHoroscope/Info.plist;
				LD_RUNPATH_SEARCH_PATHS = "$(inherited) @executable_path/Frameworks";
				PRODUCT_BUNDLE_IDENTIFIER = v.q.RACHoroscope;
				PRODUCT_NAME = "$(TARGET_NAME)";
			};
			name = Release;
		};
/* End XCBuildConfiguration section */

/* Begin XCConfigurationList section */
		B63192201E75999300390319 /* Build configuration list for PBXProject "RACHoroscope" */ = {
			isa = XCConfigurationList;
			buildConfigurations = (
				B631923A1E75999300390319 /* Debug */,
				B631923B1E75999300390319 /* Release */,
			);
			defaultConfigurationIsVisible = 0;
			defaultConfigurationName = Release;
		};
		B631923C1E75999300390319 /* Build configuration list for PBXNativeTarget "RACHoroscope" */ = {
			isa = XCConfigurationList;
			buildConfigurations = (
				B631923D1E75999300390319 /* Debug */,
				B631923E1E75999300390319 /* Release */,
			);
			defaultConfigurationIsVisible = 0;
			defaultConfigurationName = Release;
		};
/* End XCConfigurationList section */
	};
	rootObject = B631921D1E75999300390319 /* Project object */;
}
